
Microsoft Visual Studio Solution File, Format Version 12.00
Project("{FAE04EC0-301F-11D3-BF4B-00C04F79EFBC}") = "FirstStep_WriteLine_ReadLine", "FirstStep_WriteLine_ReadLine\FirstStep_WriteLine_ReadLine.csproj", "{2E177EC1-9E92-4819-B351-D0B179182097}"
EndProject
Project("{FAE04EC0-301F-11D3-BF4B-00C04F79EFBC}") = "LinqExperiment", "LinqExperiment\LinqExperiment.csproj", "{7BD3ECDA-785E-4951-A9CB-B7A58E8C1D7B}"
EndProject
Project("{FAE04EC0-301F-11D3-BF4B-00C04F79EFBC}") = "Classes", "Classes\Classes.csproj", "{FB68FF2A-E953-454E-B4FF-8A068CCC5B51}"
EndProject
Global
	GlobalSection(SolutionConfigurationPlatforms) = preSolution
		Debug|Any CPU = Debug|Any CPU
		Release|Any CPU = Release|Any CPU
	EndGlobalSection
	GlobalSection(ProjectConfigurationPlatforms) = postSolution
		{2E177EC1-9E92-4819-B351-D0B179182097}.Debug|Any CPU.ActiveCfg = Debug|Any CPU
		{2E177EC1-9E92-4819-B351-D0B179182097}.Debug|Any CPU.Build.0 = Debug|Any CPU
		{2E177EC1-9E92-4819-B351-D0B179182097}.Release|Any CPU.ActiveCfg = Release|Any CPU
		{2E177EC1-9E92-4819-B351-D0B179182097}.Release|Any CPU.Build.0 = Release|Any CPU
		{7BD3ECDA-785E-4951-A9CB-B7A58E8C1D7B}.Debug|Any CPU.ActiveCfg = Debug|Any CPU
		{7BD3ECDA-785E-4951-A9CB-B7A58E8C1D7B}.Debug|Any CPU.Build.0 = Debug|Any CPU
		{7BD3ECDA-785E-4951-A9CB-B7A58E8C1D7B}.Release|Any CPU.ActiveCfg = Release|Any CPU
		{7BD3ECDA-785E-4951-A9CB-B7A58E8C1D7B}.Release|Any CPU.Build.0 = Release|Any CPU
		{FB68FF2A-E953-454E-B4FF-8A068CCC5B51}.Debug|Any CPU.ActiveCfg = Debug|Any CPU
		{FB68FF2A-E953-454E-B4FF-8A068CCC5B51}.Debug|Any CPU.Build.0 = Debug|Any CPU
		{FB68FF2A-E953-454E-B4FF-8A068CCC5B51}.Release|Any CPU.ActiveCfg = Release|Any CPU
		{FB68FF2A-E953-454E-B4FF-8A068CCC5B51}.Release|Any CPU.Build.0 = Release|Any CPU
	EndGlobalSection
EndGlobal
